
Microsoft Visual Studio Solution File, Format Version 12.00
# Visual Studio 15
VisualStudioVersion = 15.0.27004.2005
MinimumVisualStudioVersion = 10.0.40219.1
Project("{2150E333-8FDC-42A3-9474-1A3956D46DE8}") = "src", "src", "{4142F6E9-983B-4E4C-9AFD-041C2C039059}"
EndProject
Project("{2150E333-8FDC-42A3-9474-1A3956D46DE8}") = "test", "test", "{5DFC8029-7331-45F7-AEEF-884ECDE0AA09}"
EndProject
Project("{2150E333-8FDC-42A3-9474-1A3956D46DE8}") = "samples", "samples", "{E6C018E8-35A5-4B9C-89AB-542D13B0D105}"
EndProject
Project("{9A19103F-16F7-4668-BE54-9A1E7A4F7556}") = "Rainbow.ServiceDiscovery", "src\Rainbow.ServiceDiscovery\Rainbow.ServiceDiscovery.csproj", "{A5AFEA0C-FC26-4958-B057-C3E66EEEC958}"
EndProject
Project("{9A19103F-16F7-4668-BE54-9A1E7A4F7556}") = "Rainbow.ServiceDiscovery.Zookeeper", "src\Rainbow.ServiceDiscovery.Zookeeper\Rainbow.ServiceDiscovery.Zookeeper.csproj", "{C395189E-E181-48E3-8262-32C2FC7CDF01}"
EndProject
Project("{9A19103F-16F7-4668-BE54-9A1E7A4F7556}") = "Rainbow.ServiceDiscovery.SamplesServiceRegister", "samples\Rainbow.ServiceDiscovery.SamplesServiceRegister\Rainbow.ServiceDiscovery.SamplesServiceRegister.csproj", "{213C9F84-247E-4625-BDDD-A04A11F434E3}"
EndProject
Project("{9A19103F-16F7-4668-BE54-9A1E7A4F7556}") = "Rainbow.ServiceDiscovery.Abstractions", "src\Rainbow.ServiceDiscovery.Abstractions\Rainbow.ServiceDiscovery.Abstractions.csproj", "{54182037-1020-42A3-864A-1215F4EED17C}"
EndProject
Project("{9A19103F-16F7-4668-BE54-9A1E7A4F7556}") = "Rainbow.ServiceDiscovery.Proxy.Abstractions", "src\Rainbow.ServiceDiscovery.Proxy.Abstractions\Rainbow.ServiceDiscovery.Proxy.Abstractions.csproj", "{CB479D1D-44F1-40BE-9B78-6A0EF2041367}"
EndProject
Project("{9A19103F-16F7-4668-BE54-9A1E7A4F7556}") = "Rainbow.ServiceDiscovery.Proxy.Http", "src\Rainbow.ServiceDiscovery.Proxy.Http\Rainbow.ServiceDiscovery.Proxy.Http.csproj", "{39B5F717-4FA6-446B-A398-4D0C26A48C14}"
EndProject
Project("{9A19103F-16F7-4668-BE54-9A1E7A4F7556}") = "Rainbow.ServiceDiscovery.Consul", "src\Rainbow.ServiceDiscovery.Consul\Rainbow.ServiceDiscovery.Consul.csproj", "{853EE423-B634-4262-97B3-F8D94BE5EB32}"
EndProject
Project("{9A19103F-16F7-4668-BE54-9A1E7A4F7556}") = "Rainbow.ServiceDiscovery.Eureka", "src\Rainbow.ServiceDiscovery.Eureka\Rainbow.ServiceDiscovery.Eureka.csproj", "{5C3046A5-3AF4-4DD3-A98B-D7A093166615}"
EndProject
Project("{9A19103F-16F7-4668-BE54-9A1E7A4F7556}") = "Rainbow.ServiceDiscovery.Test", "Rainbow.ServiceDiscovery.Test\Rainbow.ServiceDiscovery.Test.csproj", "{CAC050CD-417A-4F2E-BAC8-371FB09C2556}"
EndProject
Project("{FAE04EC0-301F-11D3-BF4B-00C04F79EFBC}") = "Rainbow.ServiceDiscovery.Zookeeper.Test", "test\Rainbow.ServiceDiscovery.Zookeeper.Test\Rainbow.ServiceDiscovery.Zookeeper.Test.csproj", "{686FC053-18E0-4949-A4BE-987554BDA8BA}"
EndProject
Global
	GlobalSection(SolutionConfigurationPlatforms) = preSolution
		Debug|Any CPU = Debug|Any CPU
		Release|Any CPU = Release|Any CPU
	EndGlobalSection
	GlobalSection(ProjectConfigurationPlatforms) = postSolution
		{A5AFEA0C-FC26-4958-B057-C3E66EEEC958}.Debug|Any CPU.ActiveCfg = Debug|Any CPU
		{A5AFEA0C-FC26-4958-B057-C3E66EEEC958}.Debug|Any CPU.Build.0 = Debug|Any CPU
		{A5AFEA0C-FC26-4958-B057-C3E66EEEC958}.Release|Any CPU.ActiveCfg = Release|Any CPU
		{A5AFEA0C-FC26-4958-B057-C3E66EEEC958}.Release|Any CPU.Build.0 = Release|Any CPU
		{C395189E-E181-48E3-8262-32C2FC7CDF01}.Debug|Any CPU.ActiveCfg = Debug|Any CPU
		{C395189E-E181-48E3-8262-32C2FC7CDF01}.Debug|Any CPU.Build.0 = Debug|Any CPU
		{C395189E-E181-48E3-8262-32C2FC7CDF01}.Release|Any CPU.ActiveCfg = Release|Any CPU
		{C395189E-E181-48E3-8262-32C2FC7CDF01}.Release|Any CPU.Build.0 = Release|Any CPU
		{213C9F84-247E-4625-BDDD-A04A11F434E3}.Debug|Any CPU.ActiveCfg = Debug|Any CPU
		{213C9F84-247E-4625-BDDD-A04A11F434E3}.Debug|Any CPU.Build.0 = Debug|Any CPU
		{213C9F84-247E-4625-BDDD-A04A11F434E3}.Release|Any CPU.ActiveCfg = Release|Any CPU
		{213C9F84-247E-4625-BDDD-A04A11F434E3}.Release|Any CPU.Build.0 = Release|Any CPU
		{54182037-1020-42A3-864A-1215F4EED17C}.Debug|Any CPU.ActiveCfg = Debug|Any CPU
		{54182037-1020-42A3-864A-1215F4EED17C}.Debug|Any CPU.Build.0 = Debug|Any CPU
		{54182037-1020-42A3-864A-1215F4EED17C}.Release|Any CPU.ActiveCfg = Release|Any CPU
		{54182037-1020-42A3-864A-1215F4EED17C}.Release|Any CPU.Build.0 = Release|Any CPU
		{CB479D1D-44F1-40BE-9B78-6A0EF2041367}.Debug|Any CPU.ActiveCfg = Debug|Any CPU
		{CB479D1D-44F1-40BE-9B78-6A0EF2041367}.Debug|Any CPU.Build.0 = Debug|Any CPU
		{CB479D1D-44F1-40BE-9B78-6A0EF2041367}.Release|Any CPU.ActiveCfg = Release|Any CPU
		{CB479D1D-44F1-40BE-9B78-6A0EF2041367}.Release|Any CPU.Build.0 = Release|Any CPU
		{39B5F717-4FA6-446B-A398-4D0C26A48C14}.Debug|Any CPU.ActiveCfg = Debug|Any CPU
		{39B5F717-4FA6-446B-A398-4D0C26A48C14}.Debug|Any CPU.Build.0 = Debug|Any CPU
		{39B5F717-4FA6-446B-A398-4D0C26A48C14}.Release|Any CPU.ActiveCfg = Release|Any CPU
		{39B5F717-4FA6-446B-A398-4D0C26A48C14}.Release|Any CPU.Build.0 = Release|Any CPU
		{853EE423-B634-4262-97B3-F8D94BE5EB32}.Debug|Any CPU.ActiveCfg = Debug|Any CPU
		{853EE423-B634-4262-97B3-F8D94BE5EB32}.Debug|Any CPU.Build.0 = Debug|Any CPU
		{853EE423-B634-4262-97B3-F8D94BE5EB32}.Release|Any CPU.ActiveCfg = Release|Any CPU
		{853EE423-B634-4262-97B3-F8D94BE5EB32}.Release|Any CPU.Build.0 = Release|Any CPU
		{5C3046A5-3AF4-4DD3-A98B-D7A093166615}.Debug|Any CPU.ActiveCfg = Debug|Any CPU
		{5C3046A5-3AF4-4DD3-A98B-D7A093166615}.Debug|Any CPU.Build.0 = Debug|Any CPU
		{5C3046A5-3AF4-4DD3-A98B-D7A093166615}.Release|Any CPU.ActiveCfg = Release|Any CPU
		{5C3046A5-3AF4-4DD3-A98B-D7A093166615}.Release|Any CPU.Build.0 = Release|Any CPU
		{CAC050CD-417A-4F2E-BAC8-371FB09C2556}.Debug|Any CPU.ActiveCfg = Debug|Any CPU
		{CAC050CD-417A-4F2E-BAC8-371FB09C2556}.Debug|Any CPU.Build.0 = Debug|Any CPU
		{CAC050CD-417A-4F2E-BAC8-371FB09C2556}.Release|Any CPU.ActiveCfg = Release|Any CPU
		{CAC050CD-417A-4F2E-BAC8-371FB09C2556}.Release|Any CPU.Build.0 = Release|Any CPU
		{686FC053-18E0-4949-A4BE-987554BDA8BA}.Debug|Any CPU.ActiveCfg = Debug|Any CPU
		{686FC053-18E0-4949-A4BE-987554BDA8BA}.Debug|Any CPU.Build.0 = Debug|Any CPU
		{686FC053-18E0-4949-A4BE-987554BDA8BA}.Release|Any CPU.ActiveCfg = Release|Any CPU
		{686FC053-18E0-4949-A4BE-987554BDA8BA}.Release|Any CPU.Build.0 = Release|Any CPU
	EndGlobalSection
	GlobalSection(SolutionProperties) = preSolution
		HideSolutionNode = FALSE
	EndGlobalSection
	GlobalSection(NestedProjects) = preSolution
		{A5AFEA0C-FC26-4958-B057-C3E66EEEC958} = {4142F6E9-983B-4E4C-9AFD-041C2C039059}
		{C395189E-E181-48E3-8262-32C2FC7CDF01} = {4142F6E9-983B-4E4C-9AFD-041C2C039059}
		{213C9F84-247E-4625-BDDD-A04A11F434E3} = {E6C018E8-35A5-4B9C-89AB-542D13B0D105}
		{54182037-1020-42A3-864A-1215F4EED17C} = {4142F6E9-983B-4E4C-9AFD-041C2C039059}
		{CB479D1D-44F1-40BE-9B78-6A0EF2041367} = {4142F6E9-983B-4E4C-9AFD-041C2C039059}
		{39B5F717-4FA6-446B-A398-4D0C26A48C14} = {4142F6E9-983B-4E4C-9AFD-041C2C039059}
		{853EE423-B634-4262-97B3-F8D94BE5EB32} = {4142F6E9-983B-4E4C-9AFD-041C2C039059}
		{5C3046A5-3AF4-4DD3-A98B-D7A093166615} = {4142F6E9-983B-4E4C-9AFD-041C2C039059}
		{CAC050CD-417A-4F2E-BAC8-371FB09C2556} = {5DFC8029-7331-45F7-AEEF-884ECDE0AA09}
		{686FC053-18E0-4949-A4BE-987554BDA8BA} = {5DFC8029-7331-45F7-AEEF-884ECDE0AA09}
	EndGlobalSection
	GlobalSection(ExtensibilityGlobals) = postSolution
		SolutionGuid = {8FBCB90A-4D08-46E2-9CF4-DC54C728A3ED}
	EndGlobalSection
EndGlobal
